Microsoft Visual Studio Solution File, Format Version 8.00
Project("{FAE04EC0-301F-11D3-BF4B-00C04F79EFBC}") = "Cnc", "Cnc.csproj", "{06CCDE7B-BC8C-468F-B6BE-0CC7F70402FD}"
	ProjectSection(ProjectDependencies) = postProject
	EndProjectSection
EndProject
Global
	GlobalSection(SolutionConfiguration) = preSolution
		Debug = Debug
		Release = Release
	EndGlobalSection
	GlobalSection(ProjectConfiguration) = postSolution
		{06CCDE7B-BC8C-468F-B6BE-0CC7F70402FD}.Debug.ActiveCfg = Debug|.NET
		{06CCDE7B-BC8C-468F-B6BE-0CC7F70402FD}.Debug.Build.0 = Debug|.NET
		{06CCDE7B-BC8C-468F-B6BE-0CC7F70402FD}.Release.ActiveCfg = Release|.NET
		{06CCDE7B-BC8C-468F-B6BE-0CC7F70402FD}.Release.Build.0 = Release|.NET
	EndGlobalSection
	GlobalSection(ExtensibilityGlobals) = postSolution
	EndGlobalSection
	GlobalSection(ExtensibilityAddIns) = postSolution
	EndGlobalSection
EndGlobal
